
Microsoft Visual Studio Solution File, Format Version 12.00
# Visual Studio Version 17
VisualStudioVersion = 17.3.32929.385
MinimumVisualStudioVersion = 10.0.40219.1
Project("{FAE04EC0-301F-11D3-BF4B-00C04F79EFBC}") = "Lab5WpfApp", "Lab3WpfApp\Lab5WpfApp.csproj", "{9080794E-02E2-4613-98B0-F072CCA1BEC8}"
EndProject
Global
	GlobalSection(SolutionConfigurationPlatforms) = preSolution
		Debug|Any CPU = Debug|Any CPU
		Release|Any CPU = Release|Any CPU
	EndGlobalSection
	GlobalSection(ProjectConfigurationPlatforms) = postSolution
		{9080794E-02E2-4613-98B0-F072CCA1BEC8}.Debug|Any CPU.ActiveCfg = Debug|Any CPU
		{9080794E-02E2-4613-98B0-F072CCA1BEC8}.Debug|Any CPU.Build.0 = Debug|Any CPU
		{9080794E-02E2-4613-98B0-F072CCA1BEC8}.Release|Any CPU.ActiveCfg = Release|Any CPU
		{9080794E-02E2-4613-98B0-F072CCA1BEC8}.Release|Any CPU.Build.0 = Release|Any CPU
	EndGlobalSection
	GlobalSection(SolutionProperties) = preSolution
		HideSolutionNode = FALSE
	EndGlobalSection
	GlobalSection(ExtensibilityGlobals) = postSolution
		SolutionGuid = {34E5E6AC-AA4D-4B7E-88BE-850687B28EAC}
	EndGlobalSection
EndGlobal
